// !$*UTF8*$!
{
	archiveVersion = 1;
	classes = {
	};
	objectVersion = 56;
	objects = {

/* Begin PBXBuildFile section */
		521E8F3B2B468671005B8D9A /* Dependencies in Frameworks */ = {isa = PBXBuildFile; productRef = 521E8F3A2B468671005B8D9A /* Dependencies */; };
		521E8F3D2B468671005B8D9A /* DependenciesMacros in Frameworks */ = {isa = PBXBuildFile; productRef = 521E8F3C2B468671005B8D9A /* DependenciesMacros */; };
		52419CE22B455C3A0075CD66 /* Date+Format.swift in Sources */ = {isa = PBXBuildFile; fileRef = 52419CE12B455C3A0075CD66 /* Date+Format.swift */; };
		52419CE62B45CF670075CD66 /* DependencyInjection.swift in Sources */ = {isa = PBXBuildFile; fileRef = 52419CE52B45CF670075CD66 /* DependencyInjection.swift */; };
		52840EF02B2D683900CFB591 /* QiitaPracticeApp.swift in Sources */ = {isa = PBXBuildFile; fileRef = 52840EEF2B2D683900CFB591 /* QiitaPracticeApp.swift */; };
		52840EF22B2D683900CFB591 /* ContentView.swift in Sources */ = {isa = PBXBuildFile; fileRef = 52840EF12B2D683900CFB591 /* ContentView.swift */; };
		52840EF42B2D683B00CFB591 /* Assets.xcassets in Resources */ = {isa = PBXBuildFile; fileRef = 52840EF32B2D683B00CFB591 /* Assets.xcassets */; };
		52840EF82B2D683B00CFB591 /* Preview Assets.xcassets in Resources */ = {isa = PBXBuildFile; fileRef = 52840EF72B2D683B00CFB591 /* Preview Assets.xcassets */; };
		52840F022B2D683B00CFB591 /* QiitaPracticeTests.swift in Sources */ = {isa = PBXBuildFile; fileRef = 52840F012B2D683B00CFB591 /* QiitaPracticeTests.swift */; };
		52840F0C2B2D683B00CFB591 /* QiitaPracticeUITests.swift in Sources */ = {isa = PBXBuildFile; fileRef = 52840F0B2B2D683B00CFB591 /* QiitaPracticeUITests.swift */; };
		52840F0E2B2D683B00CFB591 /* QiitaPracticeUITestsLaunchTests.swift in Sources */ = {isa = PBXBuildFile; fileRef = 52840F0D2B2D683B00CFB591 /* QiitaPracticeUITestsLaunchTests.swift */; };
		52840F1C2B40082700CFB591 /* Requestable.swift in Sources */ = {isa = PBXBuildFile; fileRef = 52840F1B2B40082700CFB591 /* Requestable.swift */; };
		52840F1F2B40094300CFB591 /* Alamofire in Frameworks */ = {isa = PBXBuildFile; productRef = 52840F1E2B40094300CFB591 /* Alamofire */; };
		52840F232B401A6300CFB591 /* ItemsRequest.swift in Sources */ = {isa = PBXBuildFile; fileRef = 52840F222B401A6300CFB591 /* ItemsRequest.swift */; };
		52840F252B401B5500CFB591 /* ItemsParameter.swift in Sources */ = {isa = PBXBuildFile; fileRef = 52840F242B401B5500CFB591 /* ItemsParameter.swift */; };
		52840F272B41356D00CFB591 /* RequestBase.swift in Sources */ = {isa = PBXBuildFile; fileRef = 52840F262B41356D00CFB591 /* RequestBase.swift */; };
		52840F2A2B413FD500CFB591 /* String+.swift in Sources */ = {isa = PBXBuildFile; fileRef = 52840F292B413FD500CFB591 /* String+.swift */; };
		52840F2C2B41450C00CFB591 /* QiitaError.swift in Sources */ = {isa = PBXBuildFile; fileRef = 52840F2B2B41450C00CFB591 /* QiitaError.swift */; };
		52840F2E2B4159F500CFB591 /* ItemsResponse.swift in Sources */ = {isa = PBXBuildFile; fileRef = 52840F2D2B4159F500CFB591 /* ItemsResponse.swift */; };
		52840F302B4163BF00CFB591 /* ConnectionError.swift in Sources */ = {isa = PBXBuildFile; fileRef = 52840F2F2B4163BF00CFB591 /* ConnectionError.swift */; };
		52840F372B42AF9000CFB591 /* HomeView.swift in Sources */ = {isa = PBXBuildFile; fileRef = 52840F362B42AF9000CFB591 /* HomeView.swift */; };
		52840F3A2B42BBA200CFB591 /* Navigation.swift in Sources */ = {isa = PBXBuildFile; fileRef = 52840F392B42BBA200CFB591 /* Navigation.swift */; };
		52840F3D2B432AF900CFB591 /* HomeData.swift in Sources */ = {isa = PBXBuildFile; fileRef = 52840F3C2B432AF900CFB591 /* HomeData.swift */; };
		52840F3F2B44048A00CFB591 /* ItemList.swift in Sources */ = {isa = PBXBuildFile; fileRef = 52840F3E2B44048A00CFB591 /* ItemList.swift */; };
		52840F432B44063800CFB591 /* ItemEntity.swift in Sources */ = {isa = PBXBuildFile; fileRef = 52840F422B44063800CFB591 /* ItemEntity.swift */; };
		52840F462B44077D00CFB591 /* ItemsResponse+Entity.swift in Sources */ = {isa = PBXBuildFile; fileRef = 52840F452B44077D00CFB591 /* ItemsResponse+Entity.swift */; };
		52840F482B44097700CFB591 /* ItemCell.swift in Sources */ = {isa = PBXBuildFile; fileRef = 52840F472B44097700CFB591 /* ItemCell.swift */; };
		52840F4A2B447B8F00CFB591 /* CustomDecodabel.swift in Sources */ = {isa = PBXBuildFile; fileRef = 52840F492B447B8F00CFB591 /* CustomDecodabel.swift */; };
		52840F4D2B45187600CFB591 /* Kingfisher in Frameworks */ = {isa = PBXBuildFile; productRef = 52840F4C2B45187600CFB591 /* Kingfisher */; };
/* End PBXBuildFile section */

/* Begin PBXContainerItemProxy section */
		52840EFE2B2D683B00CFB591 /* PBXContainerItemProxy */ = {
			isa = PBXContainerItemProxy;
			containerPortal = 52840EE42B2D683900CFB591 /* Project object */;
			proxyType = 1;
			remoteGlobalIDString = 52840EEB2B2D683900CFB591;
			remoteInfo = QiitaPractice;
		};
		52840F082B2D683B00CFB591 /* PBXContainerItemProxy */ = {
			isa = PBXContainerItemProxy;
			containerPortal = 52840EE42B2D683900CFB591 /* Project object */;
			proxyType = 1;
			remoteGlobalIDString = 52840EEB2B2D683900CFB591;
			remoteInfo = QiitaPractice;
		};
/* End PBXContainerItemProxy section */

/* Begin PBXFileReference section */
		52419CE12B455C3A0075CD66 /* Date+Format.swift */ = {isa = PBXFileReference; lastKnownFileType = sourcecode.swift; path = "Date+Format.swift"; sourceTree = "<group>"; };
		52419CE52B45CF670075CD66 /* DependencyInjection.swift */ = {isa = PBXFileReference; lastKnownFileType = sourcecode.swift; path = DependencyInjection.swift; sourceTree = "<group>"; };
		52840EEC2B2D683900CFB591 /* QiitaPractice.app */ = {isa = PBXFileReference; explicitFileType = wrapper.application; includeInIndex = 0; path = QiitaPractice.app; sourceTree = BUILT_PRODUCTS_DIR; };
		52840EEF2B2D683900CFB591 /* QiitaPracticeApp.swift */ = {isa = PBXFileReference; lastKnownFileType = sourcecode.swift; path = QiitaPracticeApp.swift; sourceTree = "<group>"; };
		52840EF12B2D683900CFB591 /* ContentView.swift */ = {isa = PBXFileReference; lastKnownFileType = sourcecode.swift; path = ContentView.swift; sourceTree = "<group>"; };
		52840EF32B2D683B00CFB591 /* Assets.xcassets */ = {isa = PBXFileReference; lastKnownFileType = folder.assetcatalog; path = Assets.xcassets; sourceTree = "<group>"; };
		52840EF52B2D683B00CFB591 /* QiitaPractice.entitlements */ = {isa = PBXFileReference; lastKnownFileType = text.plist.entitlements; path = QiitaPractice.entitlements; sourceTree = "<group>"; };
		52840EF72B2D683B00CFB591 /* Preview Assets.xcassets */ = {isa = PBXFileReference; lastKnownFileType = folder.assetcatalog; path = "Preview Assets.xcassets"; sourceTree = "<group>"; };
		52840EFD2B2D683B00CFB591 /* QiitaPracticeTests.xctest */ = {isa = PBXFileReference; explicitFileType = wrapper.cfbundle; includeInIndex = 0; path = QiitaPracticeTests.xctest; sourceTree = BUILT_PRODUCTS_DIR; };
		52840F012B2D683B00CFB591 /* QiitaPracticeTests.swift */ = {isa = PBXFileReference; lastKnownFileType = sourcecode.swift; path = QiitaPracticeTests.swift; sourceTree = "<group>"; };
		52840F072B2D683B00CFB591 /* QiitaPracticeUITests.xctest */ = {isa = PBXFileReference; explicitFileType = wrapper.cfbundle; includeInIndex = 0; path = QiitaPracticeUITests.xctest; sourceTree = BUILT_PRODUCTS_DIR; };
		52840F0B2B2D683B00CFB591 /* QiitaPracticeUITests.swift */ = {isa = PBXFileReference; lastKnownFileType = sourcecode.swift; path = QiitaPracticeUITests.swift; sourceTree = "<group>"; };
		52840F0D2B2D683B00CFB591 /* QiitaPracticeUITestsLaunchTests.swift */ = {isa = PBXFileReference; lastKnownFileType = sourcecode.swift; path = QiitaPracticeUITestsLaunchTests.swift; sourceTree = "<group>"; };
		52840F1B2B40082700CFB591 /* Requestable.swift */ = {isa = PBXFileReference; lastKnownFileType = sourcecode.swift; path = Requestable.swift; sourceTree = "<group>"; };
		52840F222B401A6300CFB591 /* ItemsRequest.swift */ = {isa = PBXFileReference; lastKnownFileType = sourcecode.swift; path = ItemsRequest.swift; sourceTree = "<group>"; };
		52840F242B401B5500CFB591 /* ItemsParameter.swift */ = {isa = PBXFileReference; lastKnownFileType = sourcecode.swift; path = ItemsParameter.swift; sourceTree = "<group>"; };
		52840F262B41356D00CFB591 /* RequestBase.swift */ = {isa = PBXFileReference; lastKnownFileType = sourcecode.swift; path = RequestBase.swift; sourceTree = "<group>"; };
		52840F292B413FD500CFB591 /* String+.swift */ = {isa = PBXFileReference; lastKnownFileType = sourcecode.swift; path = "String+.swift"; sourceTree = "<group>"; };
		52840F2B2B41450C00CFB591 /* QiitaError.swift */ = {isa = PBXFileReference; lastKnownFileType = sourcecode.swift; path = QiitaError.swift; sourceTree = "<group>"; };
		52840F2D2B4159F500CFB591 /* ItemsResponse.swift */ = {isa = PBXFileReference; lastKnownFileType = sourcecode.swift; path = ItemsResponse.swift; sourceTree = "<group>"; };
		52840F2F2B4163BF00CFB591 /* ConnectionError.swift */ = {isa = PBXFileReference; lastKnownFileType = sourcecode.swift; path = ConnectionError.swift; sourceTree = "<group>"; };
		52840F362B42AF9000CFB591 /* HomeView.swift */ = {isa = PBXFileReference; lastKnownFileType = sourcecode.swift; path = HomeView.swift; sourceTree = "<group>"; };
		52840F392B42BBA200CFB591 /* Navigation.swift */ = {isa = PBXFileReference; lastKnownFileType = sourcecode.swift; path = Navigation.swift; sourceTree = "<group>"; };
		52840F3C2B432AF900CFB591 /* HomeData.swift */ = {isa = PBXFileReference; lastKnownFileType = sourcecode.swift; path = HomeData.swift; sourceTree = "<group>"; };
		52840F3E2B44048A00CFB591 /* ItemList.swift */ = {isa = PBXFileReference; lastKnownFileType = sourcecode.swift; path = ItemList.swift; sourceTree = "<group>"; };
		52840F422B44063800CFB591 /* ItemEntity.swift */ = {isa = PBXFileReference; lastKnownFileType = sourcecode.swift; path = ItemEntity.swift; sourceTree = "<group>"; };
		52840F452B44077D00CFB591 /* ItemsResponse+Entity.swift */ = {isa = PBXFileReference; lastKnownFileType = sourcecode.swift; path = "ItemsResponse+Entity.swift"; sourceTree = "<group>"; };
		52840F472B44097700CFB591 /* ItemCell.swift */ = {isa = PBXFileReference; lastKnownFileType = sourcecode.swift; path = ItemCell.swift; sourceTree = "<group>"; };
		52840F492B447B8F00CFB591 /* CustomDecodabel.swift */ = {isa = PBXFileReference; lastKnownFileType = sourcecode.swift; path = CustomDecodabel.swift; sourceTree = "<group>"; };
/* End PBXFileReference section */

/* Begin PBXFrameworksBuildPhase section */
		52840EE92B2D683900CFB591 /* Frameworks */ = {
			isa = PBXFrameworksBuildPhase;
			buildActionMask = 2147483647;
			files = (
				521E8F3B2B468671005B8D9A /* Dependencies in Frameworks */,
				52840F4D2B45187600CFB591 /* Kingfisher in Frameworks */,
				521E8F3D2B468671005B8D9A /* DependenciesMacros in Frameworks */,
				52840F1F2B40094300CFB591 /* Alamofire in Frameworks */,
			);
			runOnlyForDeploymentPostprocessing = 0;
		};
		52840EFA2B2D683B00CFB591 /* Frameworks */ = {
			isa = PBXFrameworksBuildPhase;
			buildActionMask = 2147483647;
			files = (
			);
			runOnlyForDeploymentPostprocessing = 0;
		};
		52840F042B2D683B00CFB591 /* Frameworks */ = {
			isa = PBXFrameworksBuildPhase;
			buildActionMask = 2147483647;
			files = (
			);
			runOnlyForDeploymentPostprocessing = 0;
		};
/* End PBXFrameworksBuildPhase section */

/* Begin PBXGroup section */
		52419CE42B45CEF60075CD66 /* DI */ = {
			isa = PBXGroup;
			children = (
				52419CE52B45CF670075CD66 /* DependencyInjection.swift */,
			);
			path = DI;
			sourceTree = "<group>";
		};
		52840EE32B2D683900CFB591 = {
			isa = PBXGroup;
			children = (
				52840EEE2B2D683900CFB591 /* QiitaPractice */,
				52840F002B2D683B00CFB591 /* QiitaPracticeTests */,
				52840F0A2B2D683B00CFB591 /* QiitaPracticeUITests */,
				52840EED2B2D683900CFB591 /* Products */,
			);
			sourceTree = "<group>";
		};
		52840EED2B2D683900CFB591 /* Products */ = {
			isa = PBXGroup;
			children = (
				52840EEC2B2D683900CFB591 /* QiitaPractice.app */,
				52840EFD2B2D683B00CFB591 /* QiitaPracticeTests.xctest */,
				52840F072B2D683B00CFB591 /* QiitaPracticeUITests.xctest */,
			);
			name = Products;
			sourceTree = "<group>";
		};
		52840EEE2B2D683900CFB591 /* QiitaPractice */ = {
			isa = PBXGroup;
			children = (
				52419CE42B45CEF60075CD66 /* DI */,
				52840F3B2B432AC700CFB591 /* Model */,
				52840F1A2B2D970B00CFB591 /* API */,
				52840F442B44073400CFB591 /* Entity */,
				52840F282B413F9C00CFB591 /* Extensions */,
				52840F312B427F9F00CFB591 /* View */,
				52840F382B42BB6400CFB591 /* UIComponent */,
				52840EEF2B2D683900CFB591 /* QiitaPracticeApp.swift */,
				52840EF32B2D683B00CFB591 /* Assets.xcassets */,
				52840EF52B2D683B00CFB591 /* QiitaPractice.entitlements */,
				52840EF62B2D683B00CFB591 /* Preview Content */,
			);
			path = QiitaPractice;
			sourceTree = "<group>";
		};
		52840EF62B2D683B00CFB591 /* Preview Content */ = {
			isa = PBXGroup;
			children = (
				52840EF72B2D683B00CFB591 /* Preview Assets.xcassets */,
			);
			path = "Preview Content";
			sourceTree = "<group>";
		};
		52840F002B2D683B00CFB591 /* QiitaPracticeTests */ = {
			isa = PBXGroup;
			children = (
				52840F012B2D683B00CFB591 /* QiitaPracticeTests.swift */,
			);
			path = QiitaPracticeTests;
			sourceTree = "<group>";
		};
		52840F0A2B2D683B00CFB591 /* QiitaPracticeUITests */ = {
			isa = PBXGroup;
			children = (
				52840F0B2B2D683B00CFB591 /* QiitaPracticeUITests.swift */,
				52840F0D2B2D683B00CFB591 /* QiitaPracticeUITestsLaunchTests.swift */,
			);
			path = QiitaPracticeUITests;
			sourceTree = "<group>";
		};
		52840F1A2B2D970B00CFB591 /* API */ = {
			isa = PBXGroup;
			children = (
				52840F1B2B40082700CFB591 /* Requestable.swift */,
				52840F222B401A6300CFB591 /* ItemsRequest.swift */,
				52840F262B41356D00CFB591 /* RequestBase.swift */,
				52840F2B2B41450C00CFB591 /* QiitaError.swift */,
				52840F2F2B4163BF00CFB591 /* ConnectionError.swift */,
				52840F492B447B8F00CFB591 /* CustomDecodabel.swift */,
			);
			path = API;
			sourceTree = "<group>";
		};
		52840F282B413F9C00CFB591 /* Extensions */ = {
			isa = PBXGroup;
			children = (
				52840F292B413FD500CFB591 /* String+.swift */,
				52419CE12B455C3A0075CD66 /* Date+Format.swift */,
			);
			path = Extensions;
			sourceTree = "<group>";
		};
		52840F312B427F9F00CFB591 /* View */ = {
			isa = PBXGroup;
			children = (
				52840EF12B2D683900CFB591 /* ContentView.swift */,
				52840F352B42AF3500CFB591 /* Home */,
			);
			path = View;
			sourceTree = "<group>";
		};
		52840F352B42AF3500CFB591 /* Home */ = {
			isa = PBXGroup;
			children = (
				52840F362B42AF9000CFB591 /* HomeView.swift */,
			);
			path = Home;
			sourceTree = "<group>";
		};
		52840F382B42BB6400CFB591 /* UIComponent */ = {
			isa = PBXGroup;
			children = (
				52840F412B44060A00CFB591 /* Entity */,
				52840F402B4405FE00CFB591 /* Component */,
				52840F392B42BBA200CFB591 /* Navigation.swift */,
			);
			path = UIComponent;
			sourceTree = "<group>";
		};
		52840F3B2B432AC700CFB591 /* Model */ = {
			isa = PBXGroup;
			children = (
				52840F3C2B432AF900CFB591 /* HomeData.swift */,
				52840F242B401B5500CFB591 /* ItemsParameter.swift */,
				52840F2D2B4159F500CFB591 /* ItemsResponse.swift */,
			);
			path = Model;
			sourceTree = "<group>";
		};
		52840F402B4405FE00CFB591 /* Component */ = {
			isa = PBXGroup;
			children = (
				52840F3E2B44048A00CFB591 /* ItemList.swift */,
				52840F472B44097700CFB591 /* ItemCell.swift */,
			);
			path = Component;
			sourceTree = "<group>";
		};
		52840F412B44060A00CFB591 /* Entity */ = {
			isa = PBXGroup;
			children = (
				52840F422B44063800CFB591 /* ItemEntity.swift */,
			);
			path = Entity;
			sourceTree = "<group>";
		};
		52840F442B44073400CFB591 /* Entity */ = {
			isa = PBXGroup;
			children = (
				52840F452B44077D00CFB591 /* ItemsResponse+Entity.swift */,
			);
			path = Entity;
			sourceTree = "<group>";
		};
/* End PBXGroup section */

/* Begin PBXNativeTarget section */
		52840EEB2B2D683900CFB591 /* QiitaPractice */ = {
			isa = PBXNativeTarget;
			buildConfigurationList = 52840F112B2D683B00CFB591 /* Build configuration list for PBXNativeTarget "QiitaPractice" */;
			buildPhases = (
				52840EE82B2D683900CFB591 /* Sources */,
				52840EE92B2D683900CFB591 /* Frameworks */,
				52840EEA2B2D683900CFB591 /* Resources */,
			);
			buildRules = (
			);
			dependencies = (
			);
			name = QiitaPractice;
			packageProductDependencies = (
				52840F1E2B40094300CFB591 /* Alamofire */,
				52840F4C2B45187600CFB591 /* Kingfisher */,
				521E8F3A2B468671005B8D9A /* Dependencies */,
				521E8F3C2B468671005B8D9A /* DependenciesMacros */,
			);
			productName = QiitaPractice;
			productReference = 52840EEC2B2D683900CFB591 /* QiitaPractice.app */;
			productType = "com.apple.product-type.application";
		};
		52840EFC2B2D683B00CFB591 /* QiitaPracticeTests */ = {
			isa = PBXNativeTarget;
			buildConfigurationList = 52840F142B2D683B00CFB591 /* Build configuration list for PBXNativeTarget "QiitaPracticeTests" */;
			buildPhases = (
				52840EF92B2D683B00CFB591 /* Sources */,
				52840EFA2B2D683B00CFB591 /* Frameworks */,
				52840EFB2B2D683B00CFB591 /* Resources */,
			);
			buildRules = (
			);
			dependencies = (
				52840EFF2B2D683B00CFB591 /* PBXTargetDependency */,
			);
			name = QiitaPracticeTests;
			productName = QiitaPracticeTests;
			productReference = 52840EFD2B2D683B00CFB591 /* QiitaPracticeTests.xctest */;
			productType = "com.apple.product-type.bundle.unit-test";
		};
		52840F062B2D683B00CFB591 /* QiitaPracticeUITests */ = {
			isa = PBXNativeTarget;
			buildConfigurationList = 52840F172B2D683B00CFB591 /* Build configuration list for PBXNativeTarget "QiitaPracticeUITests" */;
			buildPhases = (
				52840F032B2D683B00CFB591 /* Sources */,
				52840F042B2D683B00CFB591 /* Frameworks */,
				52840F052B2D683B00CFB591 /* Resources */,
			);
			buildRules = (
			);
			dependencies = (
				52840F092B2D683B00CFB591 /* PBXTargetDependency */,
			);
			name = QiitaPracticeUITests;
			productName = QiitaPracticeUITests;
			productReference = 52840F072B2D683B00CFB591 /* QiitaPracticeUITests.xctest */;
			productType = "com.apple.product-type.bundle.ui-testing";
		};
/* End PBXNativeTarget section */

/* Begin PBXProject section */
		52840EE42B2D683900CFB591 /* Project object */ = {
			isa = PBXProject;
			attributes = {
				BuildIndependentTargetsInParallel = 1;
				LastSwiftUpdateCheck = 1500;
				LastUpgradeCheck = 1500;
				TargetAttributes = {
					52840EEB2B2D683900CFB591 = {
						CreatedOnToolsVersion = 15.0.1;
					};
					52840EFC2B2D683B00CFB591 = {
						CreatedOnToolsVersion = 15.0.1;
						TestTargetID = 52840EEB2B2D683900CFB591;
					};
					52840F062B2D683B00CFB591 = {
						CreatedOnToolsVersion = 15.0.1;
						TestTargetID = 52840EEB2B2D683900CFB591;
					};
				};
			};
			buildConfigurationList = 52840EE72B2D683900CFB591 /* Build configuration list for PBXProject "QiitaPractice" */;
			compatibilityVersion = "Xcode 14.0";
			developmentRegion = en;
			hasScannedForEncodings = 0;
			knownRegions = (
				en,
				Base,
			);
			mainGroup = 52840EE32B2D683900CFB591;
			packageReferences = (
				52840F1D2B40094300CFB591 /* XCRemoteSwiftPackageReference "Alamofire" */,
				52840F4B2B45187600CFB591 /* XCRemoteSwiftPackageReference "Kingfisher" */,
				521E8F392B468671005B8D9A /* XCRemoteSwiftPackageReference "swift-dependencies" */,
			);
			productRefGroup = 52840EED2B2D683900CFB591 /* Products */;
			projectDirPath = "";
			projectRoot = "";
			targets = (
				52840EEB2B2D683900CFB591 /* QiitaPractice */,
				52840EFC2B2D683B00CFB591 /* QiitaPracticeTests */,
				52840F062B2D683B00CFB591 /* QiitaPracticeUITests */,
			);
		};
/* End PBXProject section */

/* Begin PBXResourcesBuildPhase section */
		52840EEA2B2D683900CFB591 /* Resources */ = {
			isa = PBXResourcesBuildPhase;
			buildActionMask = 2147483647;
			files = (
				52840EF82B2D683B00CFB591 /* Preview Assets.xcassets in Resources */,
				52840EF42B2D683B00CFB591 /* Assets.xcassets in Resources */,
			);
			runOnlyForDeploymentPostprocessing = 0;
		};
		52840EFB2B2D683B00CFB591 /* Resources */ = {
			isa = PBXResourcesBuildPhase;
			buildActionMask = 2147483647;
			files = (
			);
			runOnlyForDeploymentPostprocessing = 0;
		};
		52840F052B2D683B00CFB591 /* Resources */ = {
			isa = PBXResourcesBuildPhase;
			buildActionMask = 2147483647;
			files = (
			);
			runOnlyForDeploymentPostprocessing = 0;
		};
/* End PBXResourcesBuildPhase section */

/* Begin PBXSourcesBuildPhase section */
		52840EE82B2D683900CFB591 /* Sources */ = {
			isa = PBXSourcesBuildPhase;
			buildActionMask = 2147483647;
			files = (
				52840F4A2B447B8F00CFB591 /* CustomDecodabel.swift in Sources */,
				52840F232B401A6300CFB591 /* ItemsRequest.swift in Sources */,
				52419CE62B45CF670075CD66 /* DependencyInjection.swift in Sources */,
				52840F2A2B413FD500CFB591 /* String+.swift in Sources */,
				52840F2C2B41450C00CFB591 /* QiitaError.swift in Sources */,
				52840F3A2B42BBA200CFB591 /* Navigation.swift in Sources */,
				52840F252B401B5500CFB591 /* ItemsParameter.swift in Sources */,
				52840F482B44097700CFB591 /* ItemCell.swift in Sources */,
				52419CE22B455C3A0075CD66 /* Date+Format.swift in Sources */,
				52840F3D2B432AF900CFB591 /* HomeData.swift in Sources */,
				52840F2E2B4159F500CFB591 /* ItemsResponse.swift in Sources */,
				52840F372B42AF9000CFB591 /* HomeView.swift in Sources */,
				52840F1C2B40082700CFB591 /* Requestable.swift in Sources */,
				52840EF22B2D683900CFB591 /* ContentView.swift in Sources */,
				52840F3F2B44048A00CFB591 /* ItemList.swift in Sources */,
				52840EF02B2D683900CFB591 /* QiitaPracticeApp.swift in Sources */,
				52840F432B44063800CFB591 /* ItemEntity.swift in Sources */,
				52840F272B41356D00CFB591 /* RequestBase.swift in Sources */,
				52840F462B44077D00CFB591 /* ItemsResponse+Entity.swift in Sources */,
				52840F302B4163BF00CFB591 /* ConnectionError.swift in Sources */,
			);
			runOnlyForDeploymentPostprocessing = 0;
		};
		52840EF92B2D683B00CFB591 /* Sources */ = {
			isa = PBXSourcesBuildPhase;
			buildActionMask = 2147483647;
			files = (
				52840F022B2D683B00CFB591 /* QiitaPracticeTests.swift in Sources */,
			);
			runOnlyForDeploymentPostprocessing = 0;
		};
		52840F032B2D683B00CFB591 /* Sources */ = {
			isa = PBXSourcesBuildPhase;
			buildActionMask = 2147483647;
			files = (
				52840F0E2B2D683B00CFB591 /* QiitaPracticeUITestsLaunchTests.swift in Sources */,
				52840F0C2B2D683B00CFB591 /* QiitaPracticeUITests.swift in Sources */,
			);
			runOnlyForDeploymentPostprocessing = 0;
		};
/* End PBXSourcesBuildPhase section */

/* Begin PBXTargetDependency section */
		52840EFF2B2D683B00CFB591 /* PBXTargetDependency */ = {
			isa = PBXTargetDependency;
			target = 52840EEB2B2D683900CFB591 /* QiitaPractice */;
			targetProxy = 52840EFE2B2D683B00CFB591 /* PBXContainerItemProxy */;
		};
		52840F092B2D683B00CFB591 /* PBXTargetDependency */ = {
			isa = PBXTargetDependency;
			target = 52840EEB2B2D683900CFB591 /* QiitaPractice */;
			targetProxy = 52840F082B2D683B00CFB591 /* PBXContainerItemProxy */;
		};
/* End PBXTargetDependency section */

/* Begin XCBuildConfiguration section */
		52840F0F2B2D683B00CFB591 /* Debug */ = {
			isa = XCBuildConfiguration;
			buildSettings = {
				ALWAYS_SEARCH_USER_PATHS = NO;
				ASSETCATALOG_COMPILER_GENERATE_SWIFT_ASSET_SYMBOL_EXTENSIONS = YES;
				CLANG_ANALYZER_NONNULL = YES;
				CLANG_ANALYZER_NUMBER_OBJECT_CONVERSION = YES_AGGRESSIVE;
				CLANG_CXX_LANGUAGE_STANDARD = "gnu++20";
				CLANG_ENABLE_MODULES = YES;
				CLANG_ENABLE_OBJC_ARC = YES;
				CLANG_ENABLE_OBJC_WEAK = YES;
				CLANG_WARN_BLOCK_CAPTURE_AUTORELEASING = YES;
				CLANG_WARN_BOOL_CONVERSION = YES;
				CLANG_WARN_COMMA = YES;
				CLANG_WARN_CONSTANT_CONVERSION = YES;
				CLANG_WARN_DEPRECATED_OBJC_IMPLEMENTATIONS = YES;
				CLANG_WARN_DIRECT_OBJC_ISA_USAGE = YES_ERROR;
				CLANG_WARN_DOCUMENTATION_COMMENTS = YES;
				CLANG_WARN_EMPTY_BODY = YES;
				CLANG_WARN_ENUM_CONVERSION = YES;
				CLANG_WARN_INFINITE_RECURSION = YES;
				CLANG_WARN_INT_CONVERSION = YES;
				CLANG_WARN_NON_LITERAL_NULL_CONVERSION = YES;
				CLANG_WARN_OBJC_IMPLICIT_RETAIN_SELF = YES;
				CLANG_WARN_OBJC_LITERAL_CONVERSION = YES;
				CLANG_WARN_OBJC_ROOT_CLASS = YES_ERROR;
				CLANG_WARN_QUOTED_INCLUDE_IN_FRAMEWORK_HEADER = YES;
				CLANG_WARN_RANGE_LOOP_ANALYSIS = YES;
				CLANG_WARN_STRICT_PROTOTYPES = YES;
				CLANG_WARN_SUSPICIOUS_MOVE = YES;
				CLANG_WARN_UNGUARDED_AVAILABILITY = YES_AGGRESSIVE;
				CLANG_WARN_UNREACHABLE_CODE = YES;
				CLANG_WARN__DUPLICATE_METHOD_MATCH = YES;
				COPY_PHASE_STRIP = NO;
				DEBUG_INFORMATION_FORMAT = dwarf;
				ENABLE_STRICT_OBJC_MSGSEND = YES;
				ENABLE_TESTABILITY = YES;
				ENABLE_USER_SCRIPT_SANDBOXING = YES;
				GCC_C_LANGUAGE_STANDARD = gnu17;
				GCC_DYNAMIC_NO_PIC = NO;
				GCC_NO_COMMON_BLOCKS = YES;
				GCC_OPTIMIZATION_LEVEL = 0;
				GCC_PREPROCESSOR_DEFINITIONS = (
					"DEBUG=1",
					"$(inherited)",
				);
				GCC_WARN_64_TO_32_BIT_CONVERSION = YES;
				GCC_WARN_ABOUT_RETURN_TYPE = YES_ERROR;
				GCC_WARN_UNDECLARED_SELECTOR = YES;
				GCC_WARN_UNINITIALIZED_AUTOS = YES_AGGRESSIVE;
				GCC_WARN_UNUSED_FUNCTION = YES;
				GCC_WARN_UNUSED_VARIABLE = YES;
				LOCALIZATION_PREFERS_STRING_CATALOGS = YES;
				MTL_ENABLE_DEBUG_INFO = INCLUDE_SOURCE;
				MTL_FAST_MATH = YES;
				ONLY_ACTIVE_ARCH = YES;
				SWIFT_ACTIVE_COMPILATION_CONDITIONS = "DEBUG $(inherited)";
				SWIFT_OPTIMIZATION_LEVEL = "-Onone";
			};
			name = Debug;
		};
		52840F102B2D683B00CFB591 /* Release */ = {
			isa = XCBuildConfiguration;
			buildSettings = {
				ALWAYS_SEARCH_USER_PATHS = NO;
				ASSETCATALOG_COMPILER_GENERATE_SWIFT_ASSET_SYMBOL_EXTENSIONS = YES;
				CLANG_ANALYZER_NONNULL = YES;
				CLANG_ANALYZER_NUMBER_OBJECT_CONVERSION = YES_AGGRESSIVE;
				CLANG_CXX_LANGUAGE_STANDARD = "gnu++20";
				CLANG_ENABLE_MODULES = YES;
				CLANG_ENABLE_OBJC_ARC = YES;
				CLANG_ENABLE_OBJC_WEAK = YES;
				CLANG_WARN_BLOCK_CAPTURE_AUTORELEASING = YES;
				CLANG_WARN_BOOL_CONVERSION = YES;
				CLANG_WARN_COMMA = YES;
				CLANG_WARN_CONSTANT_CONVERSION = YES;
				CLANG_WARN_DEPRECATED_OBJC_IMPLEMENTATIONS = YES;
				CLANG_WARN_DIRECT_OBJC_ISA_USAGE = YES_ERROR;
				CLANG_WARN_DOCUMENTATION_COMMENTS = YES;
				CLANG_WARN_EMPTY_BODY = YES;
				CLANG_WARN_ENUM_CONVERSION = YES;
				CLANG_WARN_INFINITE_RECURSION = YES;
				CLANG_WARN_INT_CONVERSION = YES;
				CLANG_WARN_NON_LITERAL_NULL_CONVERSION = YES;
				CLANG_WARN_OBJC_IMPLICIT_RETAIN_SELF = YES;
				CLANG_WARN_OBJC_LITERAL_CONVERSION = YES;
				CLANG_WARN_OBJC_ROOT_CLASS = YES_ERROR;
				CLANG_WARN_QUOTED_INCLUDE_IN_FRAMEWORK_HEADER = YES;
				CLANG_WARN_RANGE_LOOP_ANALYSIS = YES;
				CLANG_WARN_STRICT_PROTOTYPES = YES;
				CLANG_WARN_SUSPICIOUS_MOVE = YES;
				CLANG_WARN_UNGUARDED_AVAILABILITY = YES_AGGRESSIVE;
				CLANG_WARN_UNREACHABLE_CODE = YES;
				CLANG_WARN__DUPLICATE_METHOD_MATCH = YES;
				COPY_PHASE_STRIP = NO;
				DEBUG_INFORMATION_FORMAT = "dwarf-with-dsym";
				ENABLE_NS_ASSERTIONS = NO;
				ENABLE_STRICT_OBJC_MSGSEND = YES;
				ENABLE_USER_SCRIPT_SANDBOXING = YES;
				GCC_C_LANGUAGE_STANDARD = gnu17;
				GCC_NO_COMMON_BLOCKS = YES;
				GCC_WARN_64_TO_32_BIT_CONVERSION = YES;
				GCC_WARN_ABOUT_RETURN_TYPE = YES_ERROR;
				GCC_WARN_UNDECLARED_SELECTOR = YES;
				GCC_WARN_UNINITIALIZED_AUTOS = YES_AGGRESSIVE;
				GCC_WARN_UNUSED_FUNCTION = YES;
				GCC_WARN_UNUSED_VARIABLE = YES;
				LOCALIZATION_PREFERS_STRING_CATALOGS = YES;
				MTL_ENABLE_DEBUG_INFO = NO;
				MTL_FAST_MATH = YES;
				SWIFT_COMPILATION_MODE = wholemodule;
			};
			name = Release;
		};
		52840F122B2D683B00CFB591 /* Debug */ = {
			isa = XCBuildConfiguration;
			buildSettings = {
				ASSETCATALOG_COMPILER_APPICON_NAME = AppIcon;
				ASSETCATALOG_COMPILER_GLOBAL_ACCENT_COLOR_NAME = AccentColor;
				CODE_SIGN_ENTITLEMENTS = QiitaPractice/QiitaPractice.entitlements;
				CODE_SIGN_STYLE = Automatic;
				CURRENT_PROJECT_VERSION = 1;
				DEVELOPMENT_ASSET_PATHS = "\"QiitaPractice/Preview Content\"";
				ENABLE_PREVIEWS = YES;
				GENERATE_INFOPLIST_FILE = YES;
				"INFOPLIST_KEY_UIApplicationSceneManifest_Generation[sdk=iphoneos*]" = YES;
				"INFOPLIST_KEY_UIApplicationSceneManifest_Generation[sdk=iphonesimulator*]" = YES;
				"INFOPLIST_KEY_UIApplicationSupportsIndirectInputEvents[sdk=iphoneos*]" = YES;
				"INFOPLIST_KEY_UIApplicationSupportsIndirectInputEvents[sdk=iphonesimulator*]" = YES;
				"INFOPLIST_KEY_UILaunchScreen_Generation[sdk=iphoneos*]" = YES;
				"INFOPLIST_KEY_UILaunchScreen_Generation[sdk=iphonesimulator*]" = YES;
				"INFOPLIST_KEY_UIStatusBarStyle[sdk=iphoneos*]" = UIStatusBarStyleDefault;
				"INFOPLIST_KEY_UIStatusBarStyle[sdk=iphonesimulator*]" = UIStatusBarStyleDefault;
				INFOPLIST_KEY_UISupportedInterfaceOrientations_iPad = "UIInterfaceOrientationPortrait UIInterfaceOrientationPortraitUpsideDown UIInterfaceOrientationLandscapeLeft UIInterfaceOrientationLandscapeRight";
				INFOPLIST_KEY_UISupportedInterfaceOrientations_iPhone = "UIInterfaceOrientationPortrait UIInterfaceOrientationLandscapeLeft UIInterfaceOrientationLandscapeRight";
				IPHONEOS_DEPLOYMENT_TARGET = 17.0;
				LD_RUNPATH_SEARCH_PATHS = "@executable_path/Frameworks";
				"LD_RUNPATH_SEARCH_PATHS[sdk=macosx*]" = "@executable_path/../Frameworks";
				MACOSX_DEPLOYMENT_TARGET = 14.0;
				MARKETING_VERSION = 1.0;
				PRODUCT_BUNDLE_IDENTIFIER = com.qiitapractice.QiitaPractice;
				PRODUCT_NAME = "$(TARGET_NAME)";
				SDKROOT = auto;
				SUPPORTED_PLATFORMS = "iphoneos iphonesimulator";
				SUPPORTS_MACCATALYST = NO;
				SWIFT_EMIT_LOC_STRINGS = YES;
				SWIFT_VERSION = 5.0;
				TARGETED_DEVICE_FAMILY = 1;
			};
			name = Debug;
		};
		52840F132B2D683B00CFB591 /* Release */ = {
			isa = XCBuildConfiguration;
			buildSettings = {
				ASSETCATALOG_COMPILER_APPICON_NAME = AppIcon;
				ASSETCATALOG_COMPILER_GLOBAL_ACCENT_COLOR_NAME = AccentColor;
				CODE_SIGN_ENTITLEMENTS = QiitaPractice/QiitaPractice.entitlements;
				CODE_SIGN_STYLE = Automatic;
				CURRENT_PROJECT_VERSION = 1;
				DEVELOPMENT_ASSET_PATHS = "\"QiitaPractice/Preview Content\"";
				ENABLE_PREVIEWS = YES;
				GENERATE_INFOPLIST_FILE = YES;
				"INFOPLIST_KEY_UIApplicationSceneManifest_Generation[sdk=iphoneos*]" = YES;
				"INFOPLIST_KEY_UIApplicationSceneManifest_Generation[sdk=iphonesimulator*]" = YES;
				"INFOPLIST_KEY_UIApplicationSupportsIndirectInputEvents[sdk=iphoneos*]" = YES;
				"INFOPLIST_KEY_UIApplicationSupportsIndirectInputEvents[sdk=iphonesimulator*]" = YES;
				"INFOPLIST_KEY_UILaunchScreen_Generation[sdk=iphoneos*]" = YES;
				"INFOPLIST_KEY_UILaunchScreen_Generation[sdk=iphonesimulator*]" = YES;
				"INFOPLIST_KEY_UIStatusBarStyle[sdk=iphoneos*]" = UIStatusBarStyleDefault;
				"INFOPLIST_KEY_UIStatusBarStyle[sdk=iphonesimulator*]" = UIStatusBarStyleDefault;
				INFOPLIST_KEY_UISupportedInterfaceOrientations_iPad = "UIInterfaceOrientationPortrait UIInterfaceOrientationPortraitUpsideDown UIInterfaceOrientationLandscapeLeft UIInterfaceOrientationLandscapeRight";
				INFOPLIST_KEY_UISupportedInterfaceOrientations_iPhone = "UIInterfaceOrientationPortrait UIInterfaceOrientationLandscapeLeft UIInterfaceOrientationLandscapeRight";
				IPHONEOS_DEPLOYMENT_TARGET = 17.0;
				LD_RUNPATH_SEARCH_PATHS = "@executable_path/Frameworks";
				"LD_RUNPATH_SEARCH_PATHS[sdk=macosx*]" = "@executable_path/../Frameworks";
				MACOSX_DEPLOYMENT_TARGET = 14.0;
				MARKETING_VERSION = 1.0;
				PRODUCT_BUNDLE_IDENTIFIER = com.qiitapractice.QiitaPractice;
				PRODUCT_NAME = "$(TARGET_NAME)";
				SDKROOT = auto;
				SUPPORTED_PLATFORMS = "iphoneos iphonesimulator";
				SUPPORTS_MACCATALYST = NO;
				SWIFT_EMIT_LOC_STRINGS = YES;
				SWIFT_VERSION = 5.0;
				TARGETED_DEVICE_FAMILY = 1;
			};
			name = Release;
		};
		52840F152B2D683B00CFB591 /* Debug */ = {
			isa = XCBuildConfiguration;
			buildSettings = {
				ALWAYS_EMBED_SWIFT_STANDARD_LIBRARIES = YES;
				BUNDLE_LOADER = "$(TEST_HOST)";
				CODE_SIGN_STYLE = Automatic;
				CURRENT_PROJECT_VERSION = 1;
				GENERATE_INFOPLIST_FILE = YES;
				IPHONEOS_DEPLOYMENT_TARGET = 17.0;
				MACOSX_DEPLOYMENT_TARGET = 14.0;
				MARKETING_VERSION = 1.0;
				PRODUCT_BUNDLE_IDENTIFIER = com.qiitapractice.QiitaPracticeTests;
				PRODUCT_NAME = "$(TARGET_NAME)";
				SDKROOT = auto;
				SUPPORTED_PLATFORMS = "iphoneos iphonesimulator macosx";
				SWIFT_EMIT_LOC_STRINGS = NO;
				SWIFT_VERSION = 5.0;
				TARGETED_DEVICE_FAMILY = "1,2";
				TEST_HOST = "$(BUILT_PRODUCTS_DIR)/QiitaPractice.app/$(BUNDLE_EXECUTABLE_FOLDER_PATH)/QiitaPractice";
			};
			name = Debug;
		};
		52840F162B2D683B00CFB591 /* Release */ = {
			isa = XCBuildConfiguration;
			buildSettings = {
				ALWAYS_EMBED_SWIFT_STANDARD_LIBRARIES = YES;
				BUNDLE_LOADER = "$(TEST_HOST)";
				CODE_SIGN_STYLE = Automatic;
				CURRENT_PROJECT_VERSION = 1;
				GENERATE_INFOPLIST_FILE = YES;
				IPHONEOS_DEPLOYMENT_TARGET = 17.0;
				MACOSX_DEPLOYMENT_TARGET = 14.0;
				MARKETING_VERSION = 1.0;
				PRODUCT_BUNDLE_IDENTIFIER = com.qiitapractice.QiitaPracticeTests;
				PRODUCT_NAME = "$(TARGET_NAME)";
				SDKROOT = auto;
				SUPPORTED_PLATFORMS = "iphoneos iphonesimulator macosx";
				SWIFT_EMIT_LOC_STRINGS = NO;
				SWIFT_VERSION = 5.0;
				TARGETED_DEVICE_FAMILY = "1,2";
				TEST_HOST = "$(BUILT_PRODUCTS_DIR)/QiitaPractice.app/$(BUNDLE_EXECUTABLE_FOLDER_PATH)/QiitaPractice";
			};
			name = Release;
		};
		52840F182B2D683B00CFB591 /* Debug */ = {
			isa = XCBuildConfiguration;
			buildSettings = {
				ALWAYS_EMBED_SWIFT_STANDARD_LIBRARIES = YES;
				CODE_SIGN_STYLE = Automatic;
				CURRENT_PROJECT_VERSION = 1;
				GENERATE_INFOPLIST_FILE = YES;
				IPHONEOS_DEPLOYMENT_TARGET = 17.0;
				MACOSX_DEPLOYMENT_TARGET = 14.0;
				MARKETING_VERSION = 1.0;
				PRODUCT_BUNDLE_IDENTIFIER = com.qiitapractice.QiitaPracticeUITests;
				PRODUCT_NAME = "$(TARGET_NAME)";
				SDKROOT = auto;
				SUPPORTED_PLATFORMS = "iphoneos iphonesimulator macosx";
				SWIFT_EMIT_LOC_STRINGS = NO;
				SWIFT_VERSION = 5.0;
				TARGETED_DEVICE_FAMILY = "1,2";
				TEST_TARGET_NAME = QiitaPractice;
			};
			name = Debug;
		};
		52840F192B2D683B00CFB591 /* Release */ = {
			isa = XCBuildConfiguration;
			buildSettings = {
				ALWAYS_EMBED_SWIFT_STANDARD_LIBRARIES = YES;
				CODE_SIGN_STYLE = Automatic;
				CURRENT_PROJECT_VERSION = 1;
				GENERATE_INFOPLIST_FILE = YES;
				IPHONEOS_DEPLOYMENT_TARGET = 17.0;
				MACOSX_DEPLOYMENT_TARGET = 14.0;
				MARKETING_VERSION = 1.0;
				PRODUCT_BUNDLE_IDENTIFIER = com.qiitapractice.QiitaPracticeUITests;
				PRODUCT_NAME = "$(TARGET_NAME)";
				SDKROOT = auto;
				SUPPORTED_PLATFORMS = "iphoneos iphonesimulator macosx";
				SWIFT_EMIT_LOC_STRINGS = NO;
				SWIFT_VERSION = 5.0;
				TARGETED_DEVICE_FAMILY = "1,2";
				TEST_TARGET_NAME = QiitaPractice;
			};
			name = Release;
		};
/* End XCBuildConfiguration section */

/* Begin XCConfigurationList section */
		52840EE72B2D683900CFB591 /* Build configuration list for PBXProject "QiitaPractice" */ = {
			isa = XCConfigurationList;
			buildConfigurations = (
				52840F0F2B2D683B00CFB591 /* Debug */,
				52840F102B2D683B00CFB591 /* Release */,
			);
			defaultConfigurationIsVisible = 0;
			defaultConfigurationName = Release;
		};
		52840F112B2D683B00CFB591 /* Build configuration list for PBXNativeTarget "QiitaPractice" */ = {
			isa = XCConfigurationList;
			buildConfigurations = (
				52840F122B2D683B00CFB591 /* Debug */,
				52840F132B2D683B00CFB591 /* Release */,
			);
			defaultConfigurationIsVisible = 0;
			defaultConfigurationName = Release;
		};
		52840F142B2D683B00CFB591 /* Build configuration list for PBXNativeTarget "QiitaPracticeTests" */ = {
			isa = XCConfigurationList;
			buildConfigurations = (
				52840F152B2D683B00CFB591 /* Debug */,
				52840F162B2D683B00CFB591 /* Release */,
			);
			defaultConfigurationIsVisible = 0;
			defaultConfigurationName = Release;
		};
		52840F172B2D683B00CFB591 /* Build configuration list for PBXNativeTarget "QiitaPracticeUITests" */ = {
			isa = XCConfigurationList;
			buildConfigurations = (
				52840F182B2D683B00CFB591 /* Debug */,
				52840F192B2D683B00CFB591 /* Release */,
			);
			defaultConfigurationIsVisible = 0;
			defaultConfigurationName = Release;
		};
/* End XCConfigurationList section */

/* Begin XCRemoteSwiftPackageReference section */
		521E8F392B468671005B8D9A /* XCRemoteSwiftPackageReference "swift-dependencies" */ = {
			isa = XCRemoteSwiftPackageReference;
			repositoryURL = "https://github.com/pointfreeco/swift-dependencies";
			requirement = {
				kind = upToNextMajorVersion;
				minimumVersion = 1.1.5;
			};
		};
		52840F1D2B40094300CFB591 /* XCRemoteSwiftPackageReference "Alamofire" */ = {
			isa = XCRemoteSwiftPackageReference;
			repositoryURL = "https://github.com/Alamofire/Alamofire.git";
			requirement = {
				kind = upToNextMajorVersion;
				minimumVersion = 5.8.1;
			};
		};
		52840F4B2B45187600CFB591 /* XCRemoteSwiftPackageReference "Kingfisher" */ = {
			isa = XCRemoteSwiftPackageReference;
			repositoryURL = "https://github.com/onevcat/Kingfisher.git";
			requirement = {
				kind = upToNextMajorVersion;
				minimumVersion = 7.0.0;
			};
		};
/* End XCRemoteSwiftPackageReference section */

/* Begin XCSwiftPackageProductDependency section */
		521E8F3A2B468671005B8D9A /* Dependencies */ = {
			isa = XCSwiftPackageProductDependency;
			package = 521E8F392B468671005B8D9A /* XCRemoteSwiftPackageReference "swift-dependencies" */;
			productName = Dependencies;
		};
		521E8F3C2B468671005B8D9A /* DependenciesMacros */ = {
			isa = XCSwiftPackageProductDependency;
			package = 521E8F392B468671005B8D9A /* XCRemoteSwiftPackageReference "swift-dependencies" */;
			productName = DependenciesMacros;
		};
		52840F1E2B40094300CFB591 /* Alamofire */ = {
			isa = XCSwiftPackageProductDependency;
			package = 52840F1D2B40094300CFB591 /* XCRemoteSwiftPackageReference "Alamofire" */;
			productName = Alamofire;
		};
		52840F4C2B45187600CFB591 /* Kingfisher */ = {
			isa = XCSwiftPackageProductDependency;
			package = 52840F4B2B45187600CFB591 /* XCRemoteSwiftPackageReference "Kingfisher" */;
			productName = Kingfisher;
		};
/* End XCSwiftPackageProductDependency section */
	};
	rootObject = 52840EE42B2D683900CFB591 /* Project object */;
}
